{
  "lockfileVersion": 1,
  "configVersion": 1,
  "workspaces": {
    "": {
      "name": "lustre_opentui",
      "devDependencies": {
        "@opentui/core": "latest",
        "@types/bun": "latest",
        "typescript": "latest",
      },
    },
  },
  "packages": {
    "@opentui/core": ["@opentui/core@0.4.1", "", { "dependencies": { "bun-ffi-structs": "0.2.3", "diff": "9.0.0", "marked": "17.0.1", "string-width": "7.2.0", "strip-ansi": "7.1.2" }, "optionalDependencies": { "@opentui/core-darwin-arm64": "0.4.1", "@opentui/core-darwin-x64": "0.4.1", "@opentui/core-linux-arm64": "0.4.1", "@opentui/core-linux-arm64-musl": "0.4.1", "@opentui/core-linux-x64": "0.4.1", "@opentui/core-linux-x64-musl": "0.4.1", "@opentui/core-win32-arm64": "0.4.1", "@opentui/core-win32-x64": "0.4.1" }, "peerDependencies": { "web-tree-sitter": "0.25.10" } }, "sha512-ejlunoFCGLcghYGdfamI/DlWHsgCTLbuoL2JeOmFuLsN+DM5phje3CQbGR4tpl24cadCgHJQFomjoQ9Htvin+Q=="],

    "@opentui/core-darwin-arm64": ["@opentui/core-darwin-arm64@0.4.1", "", { "os": "darwin", "cpu": "arm64" }, "sha512-ocs73hj9n0zLArOTpUWIXCWU6ERThG+3wQzO78EvfaR4hb5FRrDHGKWTzXpr6ukSKsUtKdztK5XYTPsJ5e3vww=="],

    "@opentui/core-darwin-x64": ["@opentui/core-darwin-x64@0.4.1", "", { "os": "darwin", "cpu": "x64" }, "sha512-YogRtDBfxGeOkcSHDMsGkKFBIt3cWPMPGNu2AmEN6a5KKjDYwAZCudwbDJaUbZDCJjfAUHz9iXjhJVXJBXs9vQ=="],

    "@opentui/core-linux-arm64": ["@opentui/core-linux-arm64@0.4.1", "", { "os": "linux", "cpu": "arm64" }, "sha512-sBZTS1eEGeVSQ8fAmDALKQcT7FckrhK64oHfEO7W0lJ+lXapfJuOKtTM33na54V56GAM9guk4RD4cbPeTXEh4g=="],

    "@opentui/core-linux-arm64-musl": ["@opentui/core-linux-arm64-musl@0.4.1", "", { "os": "linux", "cpu": "arm64" }, "sha512-Eps9qB+vQ/Lel4ZYqMH87Um9oiU17Vu4oWzvRi40Yf+69vA1a3R4D7KUCeY3OxKWnRnwAHkMU9TxNnjKngPH/w=="],

    "@opentui/core-linux-x64": ["@opentui/core-linux-x64@0.4.1", "", { "os": "linux", "cpu": "x64" }, "sha512-9/xjYGzX5RdUl0qmGQY0OCayjJ4VffDhsBmApQdseUkMT6LGL3RumI4zPK3Y9vo1fuy6ffLnriLFOktOgutXDg=="],

    "@opentui/core-linux-x64-musl": ["@opentui/core-linux-x64-musl@0.4.1", "", { "os": "linux", "cpu": "x64" }, "sha512-UYcp8XGX4DZXN+VYUVuCrJkbFMJ0L+VUVu0t5KqqaeJ74fI4NZ+DmwNqPPg1+C+EIzoW4QChlEUdhlZRdiEQiA=="],

    "@opentui/core-win32-arm64": ["@opentui/core-win32-arm64@0.4.1", "", { "os": "win32", "cpu": "arm64" }, "sha512-hkIbpUJcKd4iLetTygPlFS45teOBTto49aXuxNeafYQUNd3ehiSwJENNBlAGULLfq+KP3dMJoWUiOcbuPVOQRA=="],

    "@opentui/core-win32-x64": ["@opentui/core-win32-x64@0.4.1", "", { "os": "win32", "cpu": "x64" }, "sha512-s1kGBcloy4ksl3wFCMqqOUFtXWlTTpzxe6pkLFhFhzgqKsMXHE9pwebiS3pzJkkFUxah5MYG+kbcn2Dw2Gdncg=="],

    "@types/bun": ["@types/bun@1.3.14", "", { "dependencies": { "bun-types": "1.3.14" } }, "sha512-h1hFqFVcvAvD9j9K7ZW7vd82aSA+rTdznZa+5bwvCwqSB1jmmfLcbIWhOLx1/+boy/xmjgCs/OMUL8hRJSmnPw=="],

    "@types/node": ["@types/node@25.2.0", "", { "dependencies": { "undici-types": "~7.16.0" } }, "sha512-DZ8VwRFUNzuqJ5khrvwMXHmvPe+zGayJhr2CDNiKB1WBE1ST8Djl00D0IC4vvNmHMdj6DlbYRIaFE7WHjlDl5w=="],

    "ansi-regex": ["ansi-regex@6.2.2", "", {}, "sha512-Bq3SmSpyFHaWjPk8If9yc6svM8c56dB5BAtW4Qbw5jHTwwXXcTLoRMkpDJp6VL0XzlWaCHTXrkFURMYmD0sLqg=="],

    "bun-ffi-structs": ["bun-ffi-structs@0.2.3", "", { "peerDependencies": { "typescript": "^5" } }, "sha512-pgJiXP+hEgFo9qG51J6ItfY4ocs3vniwNzJ9WhoakB3QB2GdzQxX2EXssentPYlB2hOfJrTjO6iIQkWYzUodpg=="],

    "bun-types": ["bun-types@1.3.14", "", { "dependencies": { "@types/node": "*" } }, "sha512-4N0ig0fEomHt5R0KCFWjovxow98rIoRwKolrYdCcknNwMekCXRnWEUvgu5soYV8QXtVsrUD8B95MBOZGPvr6KQ=="],

    "diff": ["diff@9.0.0", "", {}, "sha512-svtcdpS8CgJyqAjEQIXdb3OjhFVVYjzGAPO8WGCmRbrml64SPw/jJD4GoE98aR7r25A0XcgrK3F02yw9R/vhQw=="],

    "emoji-regex": ["emoji-regex@10.6.0", "", {}, "sha512-toUI84YS5YmxW219erniWD0CIVOo46xGKColeNQRgOzDorgBi1v4D71/OFzgD9GO2UGKIv1C3Sp8DAn0+j5w7A=="],

    "get-east-asian-width": ["get-east-asian-width@1.6.0", "", {}, "sha512-QRbvDIbx6YklUe6RxeTeleMR0yv3cYH6PsPZHcnVn7xv7zO1BHN8r0XETu8n6Ye3Q+ahtSarc3WgtNWmehIBfA=="],

    "marked": ["marked@17.0.1", "", { "bin": { "marked": "bin/marked.js" } }, "sha512-boeBdiS0ghpWcSwoNm/jJBwdpFaMnZWRzjA6SkUMYb40SVaN1x7mmfGKp0jvexGcx+7y2La5zRZsYFZI6Qpypg=="],

    "string-width": ["string-width@7.2.0", "", { "dependencies": { "emoji-regex": "^10.3.0", "get-east-asian-width": "^1.0.0", "strip-ansi": "^7.1.0" } }, "sha512-tsaTIkKW9b4N+AEj+SVA+WhJzV7/zMhcSu78mLKWSk7cXMOSHsBKFWUs0fWwq8QyK3MgJBQRX6Gbi4kYbdvGkQ=="],

    "strip-ansi": ["strip-ansi@7.1.2", "", { "dependencies": { "ansi-regex": "^6.0.1" } }, "sha512-gmBGslpoQJtgnMAvOVqGZpEz9dyoKTCzy2nfz/n8aIFhN/jCE/rCmcxabB6jOOHV+0WNnylOxaxBQPSvcWklhA=="],

    "typescript": ["typescript@6.0.3", "", { "bin": { "tsc": "bin/tsc", "tsserver": "bin/tsserver" } }, "sha512-y2TvuxSZPDyQakkFRPZHKFm+KKVqIisdg9/CZwm9ftvKXLP8NRWj38/ODjNbr43SsoXqNuAisEf1GdCxqWcdBw=="],

    "undici-types": ["undici-types@7.16.0", "", {}, "sha512-Zz+aZWSj8LE6zoxD+xrjh4VfkIG8Ya6LvYkZqtUQGJPZjYl53ypCaUwWqo7eI0x66KBGeRo+mlBEkMSeSZ38Nw=="],

    "web-tree-sitter": ["web-tree-sitter@0.25.10", "", { "peerDependencies": { "@types/emscripten": "^1.40.0" }, "optionalPeers": ["@types/emscripten"] }, "sha512-Y09sF44/13XvgVKgO2cNDw5rGk6s26MgoZPXLESvMXeefBf7i6/73eFurre0IsTW6E14Y0ArIzhUMmjoc7xyzA=="],
  }
}
