{
  "lockfileVersion": 1,
  "configVersion": 1,
  "workspaces": {
    "": {
      "name": "fragments",
      "dependencies": {
        "@opentui/core": "^0.1.77",
      },
    },
  },
  "packages": {
    "@dimforge/rapier2d-simd-compat": ["@dimforge/rapier2d-simd-compat@0.17.3", "", {}, "sha512-bijvwWz6NHsNj5e5i1vtd3dU2pDhthSaTUZSh14DUGGKJfw8eMnlWZsxwHBxB/a3AXVNDjL9abuHw1k9FGR+jg=="],

    "@jimp/core": ["@jimp/core@1.6.0", "", { "dependencies": { "@jimp/file-ops": "1.6.0", "@jimp/types": "1.6.0", "@jimp/utils": "1.6.0", "await-to-js": "^3.0.0", "exif-parser": "^0.1.12", "file-type": "^16.0.0", "mime": "3" } }, "sha512-EQQlKU3s9QfdJqiSrZWNTxBs3rKXgO2W+GxNXDtwchF3a4IqxDheFX1ti+Env9hdJXDiYLp2jTRjlxhPthsk8w=="],

    "@jimp/diff": ["@jimp/diff@1.6.0", "", { "dependencies": { "@jimp/plugin-resize": "1.6.0", "@jimp/types": "1.6.0", "@jimp/utils": "1.6.0", "pixelmatch": "^5.3.0" } }, "sha512-+yUAQ5gvRC5D1WHYxjBHZI7JBRusGGSLf8AmPRPCenTzh4PA+wZ1xv2+cYqQwTfQHU5tXYOhA0xDytfHUf1Zyw=="],

    "@jimp/file-ops": ["@jimp/file-ops@1.6.0", "", {}, "sha512-Dx/bVDmgnRe1AlniRpCKrGRm5YvGmUwbDzt+MAkgmLGf+jvBT75hmMEZ003n9HQI/aPnm/YKnXjg/hOpzNCpHQ=="],

    "@jimp/js-bmp": ["@jimp/js-bmp@1.6.0", "", { "dependencies": { "@jimp/core": "1.6.0", "@jimp/types": "1.6.0", "@jimp/utils": "1.6.0", "bmp-ts": "^1.0.9" } }, "sha512-FU6Q5PC/e3yzLyBDXupR3SnL3htU7S3KEs4e6rjDP6gNEOXRFsWs6YD3hXuXd50jd8ummy+q2WSwuGkr8wi+Gw=="],

    "@jimp/js-gif": ["@jimp/js-gif@1.6.0", "", { "dependencies": { "@jimp/core": "1.6.0", "@jimp/types": "1.6.0", "gifwrap": "^0.10.1", "omggif": "^1.0.10" } }, "sha512-N9CZPHOrJTsAUoWkWZstLPpwT5AwJ0wge+47+ix3++SdSL/H2QzyMqxbcDYNFe4MoI5MIhATfb0/dl/wmX221g=="],

    "@jimp/js-jpeg": ["@jimp/js-jpeg@1.6.0", "", { "dependencies": { "@jimp/core": "1.6.0", "@jimp/types": "1.6.0", "jpeg-js": "^0.4.4" } }, "sha512-6vgFDqeusblf5Pok6B2DUiMXplH8RhIKAryj1yn+007SIAQ0khM1Uptxmpku/0MfbClx2r7pnJv9gWpAEJdMVA=="],

    "@jimp/js-png": ["@jimp/js-png@1.6.0", "", { "dependencies": { "@jimp/core": "1.6.0", "@jimp/types": "1.6.0", "pngjs": "^7.0.0" } }, "sha512-AbQHScy3hDDgMRNfG0tPjL88AV6qKAILGReIa3ATpW5QFjBKpisvUaOqhzJ7Reic1oawx3Riyv152gaPfqsBVg=="],

    "@jimp/js-tiff": ["@jimp/js-tiff@1.6.0", "", { "dependencies": { "@jimp/core": "1.6.0", "@jimp/types": "1.6.0", "utif2": "^4.1.0" } }, "sha512-zhReR8/7KO+adijj3h0ZQUOiun3mXUv79zYEAKvE0O+rP7EhgtKvWJOZfRzdZSNv0Pu1rKtgM72qgtwe2tFvyw=="],

    "@jimp/plugin-blit": ["@jimp/plugin-blit@1.6.0", "", { "dependencies": { "@jimp/types": "1.6.0", "@jimp/utils": "1.6.0", "zod": "^3.23.8" } }, "sha512-M+uRWl1csi7qilnSK8uxK4RJMSuVeBiO1AY0+7APnfUbQNZm6hCe0CCFv1Iyw1D/Dhb8ph8fQgm5mwM0eSxgVA=="],

    "@jimp/plugin-blur": ["@jimp/plugin-blur@1.6.0", "", { "dependencies": { "@jimp/core": "1.6.0", "@jimp/utils": "1.6.0" } }, "sha512-zrM7iic1OTwUCb0g/rN5y+UnmdEsT3IfuCXCJJNs8SZzP0MkZ1eTvuwK9ZidCuMo4+J3xkzCidRwYXB5CyGZTw=="],

    "@jimp/plugin-circle": ["@jimp/plugin-circle@1.6.0", "", { "dependencies": { "@jimp/types": "1.6.0", "zod": "^3.23.8" } }, "sha512-xt1Gp+LtdMKAXfDp3HNaG30SPZW6AQ7dtAtTnoRKorRi+5yCJjKqXRgkewS5bvj8DEh87Ko1ydJfzqS3P2tdWw=="],

    "@jimp/plugin-color": ["@jimp/plugin-color@1.6.0", "", { "dependencies": { "@jimp/core": "1.6.0", "@jimp/types": "1.6.0", "@jimp/utils": "1.6.0", "tinycolor2": "^1.6.0", "zod": "^3.23.8" } }, "sha512-J5q8IVCpkBsxIXM+45XOXTrsyfblyMZg3a9eAo0P7VPH4+CrvyNQwaYatbAIamSIN1YzxmO3DkIZXzRjFSz1SA=="],

    "@jimp/plugin-contain": ["@jimp/plugin-contain@1.6.0", "", { "dependencies": { "@jimp/core": "1.6.0", "@jimp/plugin-blit": "1.6.0", "@jimp/plugin-resize": "1.6.0", "@jimp/types": "1.6.0", "@jimp/utils": "1.6.0", "zod": "^3.23.8" } }, "sha512-oN/n+Vdq/Qg9bB4yOBOxtY9IPAtEfES8J1n9Ddx+XhGBYT1/QTU/JYkGaAkIGoPnyYvmLEDqMz2SGihqlpqfzQ=="],

    "@jimp/plugin-cover": ["@jimp/plugin-cover@1.6.0", "", { "dependencies": { "@jimp/core": "1.6.0", "@jimp/plugin-crop": "1.6.0", "@jimp/plugin-resize": "1.6.0", "@jimp/types": "1.6.0", "zod": "^3.23.8" } }, "sha512-Iow0h6yqSC269YUJ8HC3Q/MpCi2V55sMlbkkTTx4zPvd8mWZlC0ykrNDeAy9IJegrQ7v5E99rJwmQu25lygKLA=="],

    "@jimp/plugin-crop": ["@jimp/plugin-crop@1.6.0", "", { "dependencies": { "@jimp/core": "1.6.0", "@jimp/types": "1.6.0", "@jimp/utils": "1.6.0", "zod": "^3.23.8" } }, "sha512-KqZkEhvs+21USdySCUDI+GFa393eDIzbi1smBqkUPTE+pRwSWMAf01D5OC3ZWB+xZsNla93BDS9iCkLHA8wang=="],

    "@jimp/plugin-displace": ["@jimp/plugin-displace@1.6.0", "", { "dependencies": { "@jimp/types": "1.6.0", "@jimp/utils": "1.6.0", "zod": "^3.23.8" } }, "sha512-4Y10X9qwr5F+Bo5ME356XSACEF55485j5nGdiyJ9hYzjQP9nGgxNJaZ4SAOqpd+k5sFaIeD7SQ0Occ26uIng5Q=="],

    "@jimp/plugin-dither": ["@jimp/plugin-dither@1.6.0", "", { "dependencies": { "@jimp/types": "1.6.0" } }, "sha512-600d1RxY0pKwgyU0tgMahLNKsqEcxGdbgXadCiVCoGd6V6glyCvkNrnnwC0n5aJ56Htkj88PToSdF88tNVZEEQ=="],

    "@jimp/plugin-fisheye": ["@jimp/plugin-fisheye@1.6.0", "", { "dependencies": { "@jimp/types": "1.6.0", "@jimp/utils": "1.6.0", "zod": "^3.23.8" } }, "sha512-E5QHKWSCBFtpgZarlmN3Q6+rTQxjirFqo44ohoTjzYVrDI6B6beXNnPIThJgPr0Y9GwfzgyarKvQuQuqCnnfbA=="],

    "@jimp/plugin-flip": ["@jimp/plugin-flip@1.6.0", "", { "dependencies": { "@jimp/types": "1.6.0", "zod": "^3.23.8" } }, "sha512-/+rJVDuBIVOgwoyVkBjUFHtP+wmW0r+r5OQ2GpatQofToPVbJw1DdYWXlwviSx7hvixTWLKVgRWQ5Dw862emDg=="],

    "@jimp/plugin-hash": ["@jimp/plugin-hash@1.6.0", "", { "dependencies": { "@jimp/core": "1.6.0", "@jimp/js-bmp": "1.6.0", "@jimp/js-jpeg": "1.6.0", "@jimp/js-png": "1.6.0", "@jimp/js-tiff": "1.6.0", "@jimp/plugin-color": "1.6.0", "@jimp/plugin-resize": "1.6.0", "@jimp/types": "1.6.0", "@jimp/utils": "1.6.0", "any-base": "^1.1.0" } }, "sha512-wWzl0kTpDJgYVbZdajTf+4NBSKvmI3bRI8q6EH9CVeIHps9VWVsUvEyb7rpbcwVLWYuzDtP2R0lTT6WeBNQH9Q=="],

    "@jimp/plugin-mask": ["@jimp/plugin-mask@1.6.0", "", { "dependencies": { "@jimp/types": "1.6.0", "zod": "^3.23.8" } }, "sha512-Cwy7ExSJMZszvkad8NV8o/Z92X2kFUFM8mcDAhNVxU0Q6tA0op2UKRJY51eoK8r6eds/qak3FQkXakvNabdLnA=="],

    "@jimp/plugin-print": ["@jimp/plugin-print@1.6.0", "", { "dependencies": { "@jimp/core": "1.6.0", "@jimp/js-jpeg": "1.6.0", "@jimp/js-png": "1.6.0", "@jimp/plugin-blit": "1.6.0", "@jimp/types": "1.6.0", "parse-bmfont-ascii": "^1.0.6", "parse-bmfont-binary": "^1.0.6", "parse-bmfont-xml": "^1.1.6", "simple-xml-to-json": "^1.2.2", "zod": "^3.23.8" } }, "sha512-zarTIJi8fjoGMSI/M3Xh5yY9T65p03XJmPsuNet19K/Q7mwRU6EV2pfj+28++2PV2NJ+htDF5uecAlnGyxFN2A=="],

    "@jimp/plugin-quantize": ["@jimp/plugin-quantize@1.6.0", "", { "dependencies": { "image-q": "^4.0.0", "zod": "^3.23.8" } }, "sha512-EmzZ/s9StYQwbpG6rUGBCisc3f64JIhSH+ncTJd+iFGtGo0YvSeMdAd+zqgiHpfZoOL54dNavZNjF4otK+mvlg=="],

    "@jimp/plugin-resize": ["@jimp/plugin-resize@1.6.0", "", { "dependencies": { "@jimp/core": "1.6.0", "@jimp/types": "1.6.0", "zod": "^3.23.8" } }, "sha512-uSUD1mqXN9i1SGSz5ov3keRZ7S9L32/mAQG08wUwZiEi5FpbV0K8A8l1zkazAIZi9IJzLlTauRNU41Mi8IF9fA=="],

    "@jimp/plugin-rotate": ["@jimp/plugin-rotate@1.6.0", "", { "dependencies": { "@jimp/core": "1.6.0", "@jimp/plugin-crop": "1.6.0", "@jimp/plugin-resize": "1.6.0", "@jimp/types": "1.6.0", "@jimp/utils": "1.6.0", "zod": "^3.23.8" } }, "sha512-JagdjBLnUZGSG4xjCLkIpQOZZ3Mjbg8aGCCi4G69qR+OjNpOeGI7N2EQlfK/WE8BEHOW5vdjSyglNqcYbQBWRw=="],

    "@jimp/plugin-threshold": ["@jimp/plugin-threshold@1.6.0", "", { "dependencies": { "@jimp/core": "1.6.0", "@jimp/plugin-color": "1.6.0", "@jimp/plugin-hash": "1.6.0", "@jimp/types": "1.6.0", "@jimp/utils": "1.6.0", "zod": "^3.23.8" } }, "sha512-M59m5dzLoHOVWdM41O8z9SyySzcDn43xHseOH0HavjsfQsT56GGCC4QzU1banJidbUrePhzoEdS42uFE8Fei8w=="],

    "@jimp/types": ["@jimp/types@1.6.0", "", { "dependencies": { "zod": "^3.23.8" } }, "sha512-7UfRsiKo5GZTAATxm2qQ7jqmUXP0DxTArztllTcYdyw6Xi5oT4RaoXynVtCD4UyLK5gJgkZJcwonoijrhYFKfg=="],

    "@jimp/utils": ["@jimp/utils@1.6.0", "", { "dependencies": { "@jimp/types": "1.6.0", "tinycolor2": "^1.6.0" } }, "sha512-gqFTGEosKbOkYF/WFj26jMHOI5OH2jeP1MmC/zbK6BF6VJBf8rIC5898dPfSzZEbSA0wbbV5slbntWVc5PKLFA=="],

    "@opentui/core": ["@opentui/core@0.1.77", "", { "dependencies": { "bun-ffi-structs": "0.1.2", "diff": "8.0.2", "jimp": "1.6.0", "marked": "17.0.1", "yoga-layout": "3.2.1" }, "optionalDependencies": { "@dimforge/rapier2d-simd-compat": "^0.17.3", "@opentui/core-darwin-arm64": "0.1.77", "@opentui/core-darwin-x64": "0.1.77", "@opentui/core-linux-arm64": "0.1.77", "@opentui/core-linux-x64": "0.1.77", "@opentui/core-win32-arm64": "0.1.77", "@opentui/core-win32-x64": "0.1.77", "bun-webgpu": "0.1.4", "planck": "^1.4.2", "three": "0.177.0" }, "peerDependencies": { "web-tree-sitter": "0.25.10" } }, "sha512-lE3kabm6jdqK3AuBq+O0zZrXdxt6ulmibTc57sf+AsPny6cmwYHnWI4wD6hcreFiYoQVNVvdiJchVgPtowMlEg=="],

    "@opentui/core-darwin-arm64": ["@opentui/core-darwin-arm64@0.1.77", "", { "os": "darwin", "cpu": "arm64" }, "sha512-SNqmygCMEsPCW7xWjzCZ5caBf36xaprwVdAnFijGDOuIzLA4iaDa6um8cj3TJh7awenN3NTRsuRc7OuH42UH+g=="],

    "@opentui/core-darwin-x64": ["@opentui/core-darwin-x64@0.1.77", "", { "os": "darwin", "cpu": "x64" }, "sha512-/8fsa03swEHTQt/9NrGm98kemlU+VuTURI/OFZiH53vPDRrOYIYoa4Jyga/H7ZMcG+iFhkq97zIe+0Kw95LGmA=="],

    "@opentui/core-linux-arm64": ["@opentui/core-linux-arm64@0.1.77", "", { "os": "linux", "cpu": "arm64" }, "sha512-QfUXZJPc69OvqoMu+AlLgjqXrwu4IeqcBuUWYMuH8nPTeLsVUc3CBbXdV2lv9UDxWzxzrxdS4ALPaxvmEv9lsQ=="],

    "@opentui/core-linux-x64": ["@opentui/core-linux-x64@0.1.77", "", { "os": "linux", "cpu": "x64" }, "sha512-Kmfx0yUKnPj67AoXYIgL7qQo0QVsUG5Iw8aRtv6XFzXqa5SzBPhaKkKZ9yHPjOmTalZquUs+9zcCRNKpYYuL7A=="],

    "@opentui/core-win32-arm64": ["@opentui/core-win32-arm64@0.1.77", "", { "os": "win32", "cpu": "arm64" }, "sha512-HGTscPXc7gdd23Nh1DbzUNjog1I+5IZp95XPtLftGTpjrWs60VcetXcyJqK2rQcXNxewJK5yDyaa5QyMjfEhCQ=="],

    "@opentui/core-win32-x64": ["@opentui/core-win32-x64@0.1.77", "", { "os": "win32", "cpu": "x64" }, "sha512-c7GijsbvVgnlzd2murIbwuwrGbcv76KdUw6WlVv7a0vex50z6xJCpv1keGzpe0QfxrZ/6fFEFX7JnwGLno0wjA=="],

    "@tokenizer/token": ["@tokenizer/token@0.3.0", "", {}, "sha512-OvjF+z51L3ov0OyAU0duzsYuvO01PH7x4t6DJx+guahgTnBHkhJdG7soQeTSFLWN3efnHyibZ4Z8l2EuWwJN3A=="],

    "@types/node": ["@types/node@16.9.1", "", {}, "sha512-QpLcX9ZSsq3YYUUnD3nFDY8H7wctAhQj/TFKL8Ya8v5fMm3CFXxo8zStsLAl780ltoYoo1WvKUVGBQK+1ifr7g=="],

    "@webgpu/types": ["@webgpu/types@0.1.69", "", {}, "sha512-RPmm6kgRbI8e98zSD3RVACvnuktIja5+yLgDAkTmxLr90BEwdTXRQWNLF3ETTTyH/8mKhznZuN5AveXYFEsMGQ=="],

    "abort-controller": ["abort-controller@3.0.0", "", { "dependencies": { "event-target-shim": "^5.0.0" } }, "sha512-h8lQ8tacZYnR3vNQTgibj+tODHI5/+l06Au2Pcriv/Gmet0eaj4TwWH41sO9wnHDiQsEj19q0drzdWdeAHtweg=="],

    "any-base": ["any-base@1.1.0", "", {}, "sha512-uMgjozySS8adZZYePpaWs8cxB9/kdzmpX6SgJZ+wbz1K5eYk5QMYDVJaZKhxyIHUdnnJkfR7SVgStgH7LkGUyg=="],

    "await-to-js": ["await-to-js@3.0.0", "", {}, "sha512-zJAaP9zxTcvTHRlejau3ZOY4V7SRpiByf3/dxx2uyKxxor19tpmpV2QRsTKikckwhaPmr2dVpxxMr7jOCYVp5g=="],

    "base64-js": ["base64-js@1.5.1", "", {}, "sha512-AKpaYlHn8t4SVbOHCy+b5+KKgvR4vrsD8vbvrbiQJps7fKDTkjkDry6ji0rUJjC0kzbNePLwzxq8iypo41qeWA=="],

    "bmp-ts": ["bmp-ts@1.0.9", "", {}, "sha512-cTEHk2jLrPyi+12M3dhpEbnnPOsaZuq7C45ylbbQIiWgDFZq4UVYPEY5mlqjvsj/6gJv9qX5sa+ebDzLXT28Vw=="],

    "buffer": ["buffer@6.0.3", "", { "dependencies": { "base64-js": "^1.3.1", "ieee754": "^1.2.1" } }, "sha512-FTiCpNxtwiZZHEZbcbTIcZjERVICn9yq/pDFkTl95/AxzD1naBctN7YO68riM/gLSDY7sdrMby8hofADYuuqOA=="],

    "bun-ffi-structs": ["bun-ffi-structs@0.1.2", "", { "peerDependencies": { "typescript": "^5" } }, "sha512-Lh1oQAYHDcnesJauieA4UNkWGXY9hYck7OA5IaRwE3Bp6K2F2pJSNYqq+hIy7P3uOvo3km3oxS8304g5gDMl/w=="],

    "bun-webgpu": ["bun-webgpu@0.1.4", "", { "dependencies": { "@webgpu/types": "^0.1.60" }, "optionalDependencies": { "bun-webgpu-darwin-arm64": "^0.1.4", "bun-webgpu-darwin-x64": "^0.1.4", "bun-webgpu-linux-x64": "^0.1.4", "bun-webgpu-win32-x64": "^0.1.4" } }, "sha512-Kw+HoXl1PMWJTh9wvh63SSRofTA8vYBFCw0XEP1V1fFdQEDhI8Sgf73sdndE/oDpN/7CMx0Yv/q8FCvO39ROMQ=="],

    "bun-webgpu-darwin-arm64": ["bun-webgpu-darwin-arm64@0.1.4", "", { "os": "darwin", "cpu": "arm64" }, "sha512-eDgLN9teKTfmvrCqgwwmWNsNszxYs7IZdCqk0S1DCarvMhr4wcajoSBlA/nQA0/owwLduPTS8xxCnQp4/N/gDg=="],

    "bun-webgpu-darwin-x64": ["bun-webgpu-darwin-x64@0.1.4", "", { "os": "darwin", "cpu": "x64" }, "sha512-X+PjwJUWenUmdQBP8EtdItMyieQ6Nlpn+BH518oaouDiSnWj5+b0Y7DNDZJq7Ezom4EaxmqL/uGYZK3aCQ7CXg=="],

    "bun-webgpu-linux-x64": ["bun-webgpu-linux-x64@0.1.4", "", { "os": "linux", "cpu": "x64" }, "sha512-zMLs2YIGB+/jxrYFXaFhVKX/GBt05UTF45lc9srcHc9JXGjEj+12CIo1CHLTAWatXMTqt0Jsu6ukWEoWVT/ayA=="],

    "bun-webgpu-win32-x64": ["bun-webgpu-win32-x64@0.1.4", "", { "os": "win32", "cpu": "x64" }, "sha512-Z5yAK28xrcm8Wb5k7TZ8FJKpOI/r+aVCRdlHYAqI2SDJFN3nD4mJs900X6kNVmG/xFzb5yOuKVYWGg+6ZXWbyA=="],

    "diff": ["diff@8.0.2", "", {}, "sha512-sSuxWU5j5SR9QQji/o2qMvqRNYRDOcBTgsJ/DeCf4iSN4gW+gNMXM7wFIP+fdXZxoNiAnHUTGjCr+TSWXdRDKg=="],

    "event-target-shim": ["event-target-shim@5.0.1", "", {}, "sha512-i/2XbnSz/uxRCU6+NdVJgKWDTM427+MqYbkQzD321DuCQJUqOuJKIA0IM2+W2xtYHdKOmZ4dR6fExsd4SXL+WQ=="],

    "events": ["events@3.3.0", "", {}, "sha512-mQw+2fkQbALzQ7V0MY0IqdnXNOeTtP4r0lN9z7AAawCXgqea7bDii20AYrIBrFd/Hx0M2Ocz6S111CaFkUcb0Q=="],

    "exif-parser": ["exif-parser@0.1.12", "", {}, "sha512-c2bQfLNbMzLPmzQuOr8fy0csy84WmwnER81W88DzTp9CYNPJ6yzOj2EZAh9pywYpqHnshVLHQJ8WzldAyfY+Iw=="],

    "file-type": ["file-type@16.5.4", "", { "dependencies": { "readable-web-to-node-stream": "^3.0.0", "strtok3": "^6.2.4", "token-types": "^4.1.1" } }, "sha512-/yFHK0aGjFEgDJjEKP0pWCplsPFPhwyfwevf/pVxiN0tmE4L9LmwWxWukdJSHdoCli4VgQLehjJtwQBnqmsKcw=="],

    "gifwrap": ["gifwrap@0.10.1", "", { "dependencies": { "image-q": "^4.0.0", "omggif": "^1.0.10" } }, "sha512-2760b1vpJHNmLzZ/ubTtNnEx5WApN/PYWJvXvgS+tL1egTTthayFYIQQNi136FLEDcN/IyEY2EcGpIITD6eYUw=="],

    "ieee754": ["ieee754@1.2.1", "", {}, "sha512-dcyqhDvX1C46lXZcVqCpK+FtMRQVdIMN6/Df5js2zouUsqG7I6sFxitIC+7KYK29KdXOLHdu9zL4sFnoVQnqaA=="],

    "image-q": ["image-q@4.0.0", "", { "dependencies": { "@types/node": "16.9.1" } }, "sha512-PfJGVgIfKQJuq3s0tTDOKtztksibuUEbJQIYT3by6wctQo+Rdlh7ef4evJ5NCdxY4CfMbvFkocEwbl4BF8RlJw=="],

    "jimp": ["jimp@1.6.0", "", { "dependencies": { "@jimp/core": "1.6.0", "@jimp/diff": "1.6.0", "@jimp/js-bmp": "1.6.0", "@jimp/js-gif": "1.6.0", "@jimp/js-jpeg": "1.6.0", "@jimp/js-png": "1.6.0", "@jimp/js-tiff": "1.6.0", "@jimp/plugin-blit": "1.6.0", "@jimp/plugin-blur": "1.6.0", "@jimp/plugin-circle": "1.6.0", "@jimp/plugin-color": "1.6.0", "@jimp/plugin-contain": "1.6.0", "@jimp/plugin-cover": "1.6.0", "@jimp/plugin-crop": "1.6.0", "@jimp/plugin-displace": "1.6.0", "@jimp/plugin-dither": "1.6.0", "@jimp/plugin-fisheye": "1.6.0", "@jimp/plugin-flip": "1.6.0", "@jimp/plugin-hash": "1.6.0", "@jimp/plugin-mask": "1.6.0", "@jimp/plugin-print": "1.6.0", "@jimp/plugin-quantize": "1.6.0", "@jimp/plugin-resize": "1.6.0", "@jimp/plugin-rotate": "1.6.0", "@jimp/plugin-threshold": "1.6.0", "@jimp/types": "1.6.0", "@jimp/utils": "1.6.0" } }, "sha512-YcwCHw1kiqEeI5xRpDlPPBGL2EOpBKLwO4yIBJcXWHPj5PnA5urGq0jbyhM5KoNpypQ6VboSoxc9D8HyfvngSg=="],

    "jpeg-js": ["jpeg-js@0.4.4", "", {}, "sha512-WZzeDOEtTOBK4Mdsar0IqEU5sMr3vSV2RqkAIzUEV2BHnUfKGyswWFPFwK5EeDo93K3FohSHbLAjj0s1Wzd+dg=="],

    "marked": ["marked@17.0.1", "", { "bin": { "marked": "bin/marked.js" } }, "sha512-boeBdiS0ghpWcSwoNm/jJBwdpFaMnZWRzjA6SkUMYb40SVaN1x7mmfGKp0jvexGcx+7y2La5zRZsYFZI6Qpypg=="],

    "mime": ["mime@3.0.0", "", { "bin": { "mime": "cli.js" } }, "sha512-jSCU7/VB1loIWBZe14aEYHU/+1UMEHoaO7qxCOVJOw9GgH72VAWppxNcjU+x9a2k3GSIBXNKxXQFqRvvZ7vr3A=="],

    "omggif": ["omggif@1.0.10", "", {}, "sha512-LMJTtvgc/nugXj0Vcrrs68Mn2D1r0zf630VNtqtpI1FEO7e+O9FP4gqs9AcnBaSEeoHIPm28u6qgPR0oyEpGSw=="],

    "pako": ["pako@1.0.11", "", {}, "sha512-4hLB8Py4zZce5s4yd9XzopqwVv/yGNhV1Bl8NTmCq1763HeK2+EwVTv+leGeL13Dnh2wfbqowVPXCIO0z4taYw=="],

    "parse-bmfont-ascii": ["parse-bmfont-ascii@1.0.6", "", {}, "sha512-U4RrVsUFCleIOBsIGYOMKjn9PavsGOXxbvYGtMOEfnId0SVNsgehXh1DxUdVPLoxd5mvcEtvmKs2Mmf0Mpa1ZA=="],

    "parse-bmfont-binary": ["parse-bmfont-binary@1.0.6", "", {}, "sha512-GxmsRea0wdGdYthjuUeWTMWPqm2+FAd4GI8vCvhgJsFnoGhTrLhXDDupwTo7rXVAgaLIGoVHDZS9p/5XbSqeWA=="],

    "parse-bmfont-xml": ["parse-bmfont-xml@1.1.6", "", { "dependencies": { "xml-parse-from-string": "^1.0.0", "xml2js": "^0.5.0" } }, "sha512-0cEliVMZEhrFDwMh4SxIyVJpqYoOWDJ9P895tFuS+XuNzI5UBmBk5U5O4KuJdTnZpSBI4LFA2+ZiJaiwfSwlMA=="],

    "peek-readable": ["peek-readable@4.1.0", "", {}, "sha512-ZI3LnwUv5nOGbQzD9c2iDG6toheuXSZP5esSHBjopsXH4dg19soufvpUGA3uohi5anFtGb2lhAVdHzH6R/Evvg=="],

    "pixelmatch": ["pixelmatch@5.3.0", "", { "dependencies": { "pngjs": "^6.0.0" }, "bin": { "pixelmatch": "bin/pixelmatch" } }, "sha512-o8mkY4E/+LNUf6LzX96ht6k6CEDi65k9G2rjMtBe9Oo+VPKSvl+0GKHuH/AlG+GA5LPG/i5hrekkxUc3s2HU+Q=="],

    "planck": ["planck@1.4.2", "", { "peerDependencies": { "stage-js": "^1.0.0-alpha.12" } }, "sha512-mNbhnV3g8X2rwGxzcesjmN8BDA6qfXgQxXVMkWau9MCRlQY0RLNEkyHlVp6yFy/X6qrzAXyNONCnZ1cGDLrNew=="],

    "pngjs": ["pngjs@7.0.0", "", {}, "sha512-LKWqWJRhstyYo9pGvgor/ivk2w94eSjE3RGVuzLGlr3NmD8bf7RcYGze1mNdEHRP6TRP6rMuDHk5t44hnTRyow=="],

    "process": ["process@0.11.10", "", {}, "sha512-cdGef/drWFoydD1JsMzuFf8100nZl+GT+yacc2bEced5f9Rjk4z+WtFUTBu9PhOi9j/jfmBPu0mMEY4wIdAF8A=="],

    "readable-stream": ["readable-stream@4.7.0", "", { "dependencies": { "abort-controller": "^3.0.0", "buffer": "^6.0.3", "events": "^3.3.0", "process": "^0.11.10", "string_decoder": "^1.3.0" } }, "sha512-oIGGmcpTLwPga8Bn6/Z75SVaH1z5dUut2ibSyAMVhmUggWpmDn2dapB0n7f8nwaSiRtepAsfJyfXIO5DCVAODg=="],

    "readable-web-to-node-stream": ["readable-web-to-node-stream@3.0.4", "", { "dependencies": { "readable-stream": "^4.7.0" } }, "sha512-9nX56alTf5bwXQ3ZDipHJhusu9NTQJ/CVPtb/XHAJCXihZeitfJvIRS4GqQ/mfIoOE3IelHMrpayVrosdHBuLw=="],

    "safe-buffer": ["safe-buffer@5.2.1", "", {}, "sha512-rp3So07KcdmmKbGvgaNxQSJr7bGVSVk5S9Eq1F+ppbRo70+YeaDxkw5Dd8NPN+GD6bjnYm2VuPuCXmpuYvmCXQ=="],

    "sax": ["sax@1.4.4", "", {}, "sha512-1n3r/tGXO6b6VXMdFT54SHzT9ytu9yr7TaELowdYpMqY/Ao7EnlQGmAQ1+RatX7Tkkdm6hONI2owqNx2aZj5Sw=="],

    "simple-xml-to-json": ["simple-xml-to-json@1.2.3", "", {}, "sha512-kWJDCr9EWtZ+/EYYM5MareWj2cRnZGF93YDNpH4jQiHB+hBIZnfPFSQiVMzZOdk+zXWqTZ/9fTeQNu2DqeiudA=="],

    "stage-js": ["stage-js@1.0.0-alpha.23", "", {}, "sha512-eH+X90SrOx394tVJjYu/ld6wwMdcWzDa1xU0FinTppef7fmPvvtxoCWsDtTCEtKA/sHnPslwyEy6ATGUWLYKXA=="],

    "string_decoder": ["string_decoder@1.3.0", "", { "dependencies": { "safe-buffer": "~5.2.0" } }, "sha512-hkRX8U1WjJFd8LsDJ2yQ/wWWxaopEsABU1XfkM8A+j0+85JAGppt16cr1Whg6KIbb4okU6Mql6BOj+uup/wKeA=="],

    "strtok3": ["strtok3@6.3.0", "", { "dependencies": { "@tokenizer/token": "^0.3.0", "peek-readable": "^4.1.0" } }, "sha512-fZtbhtvI9I48xDSywd/somNqgUHl2L2cstmXCCif0itOf96jeW18MBSyrLuNicYQVkvpOxkZtkzujiTJ9LW5Jw=="],

    "three": ["three@0.177.0", "", {}, "sha512-EiXv5/qWAaGI+Vz2A+JfavwYCMdGjxVsrn3oBwllUoqYeaBO75J63ZfyaQKoiLrqNHoTlUc6PFgMXnS0kI45zg=="],

    "tinycolor2": ["tinycolor2@1.6.0", "", {}, "sha512-XPaBkWQJdsf3pLKJV9p4qN/S+fm2Oj8AIPo1BTUhg5oxkvm9+SVEGFdhyOz7tTdUTfvxMiAs4sp6/eZO2Ew+pw=="],

    "token-types": ["token-types@4.2.1", "", { "dependencies": { "@tokenizer/token": "^0.3.0", "ieee754": "^1.2.1" } }, "sha512-6udB24Q737UD/SDsKAHI9FCRP7Bqc9D/MQUV02ORQg5iskjtLJlZJNdN4kKtcdtwCeWIwIHDGaUsTsCCAa8sFQ=="],

    "typescript": ["typescript@5.9.3", "", { "bin": { "tsc": "bin/tsc", "tsserver": "bin/tsserver" } }, "sha512-jl1vZzPDinLr9eUt3J/t7V6FgNEw9QjvBPdysz9KfQDD41fQrC2Y4vKQdiaUpFT4bXlb1RHhLpp8wtm6M5TgSw=="],

    "utif2": ["utif2@4.1.0", "", { "dependencies": { "pako": "^1.0.11" } }, "sha512-+oknB9FHrJ7oW7A2WZYajOcv4FcDR4CfoGB0dPNfxbi4GO05RRnFmt5oa23+9w32EanrYcSJWspUiJkLMs+37w=="],

    "web-tree-sitter": ["web-tree-sitter@0.25.10", "", { "peerDependencies": { "@types/emscripten": "^1.40.0" }, "optionalPeers": ["@types/emscripten"] }, "sha512-Y09sF44/13XvgVKgO2cNDw5rGk6s26MgoZPXLESvMXeefBf7i6/73eFurre0IsTW6E14Y0ArIzhUMmjoc7xyzA=="],

    "xml-parse-from-string": ["xml-parse-from-string@1.0.1", "", {}, "sha512-ErcKwJTF54uRzzNMXq2X5sMIy88zJvfN2DmdoQvy7PAFJ+tPRU6ydWuOKNMyfmOjdyBQTFREi60s0Y0SyI0G0g=="],

    "xml2js": ["xml2js@0.5.0", "", { "dependencies": { "sax": ">=0.6.0", "xmlbuilder": "~11.0.0" } }, "sha512-drPFnkQJik/O+uPKpqSgr22mpuFHqKdbS835iAQrUC73L2F5WkboIRd63ai/2Yg6I1jzifPFKH2NTK+cfglkIA=="],

    "xmlbuilder": ["xmlbuilder@11.0.1", "", {}, "sha512-fDlsI/kFEx7gLvbecc0/ohLG50fugQp8ryHzMTuW9vSa1GJ0XYWKnhsUx7oie3G98+r56aTQIUB4kht42R3JvA=="],

    "yoga-layout": ["yoga-layout@3.2.1", "", {}, "sha512-0LPOt3AxKqMdFBZA3HBAt/t/8vIKq7VaQYbuA8WxCgung+p9TVyKRYdpvCb80HcdTN2NkbIKbhNwKUfm3tQywQ=="],

    "zod": ["zod@3.25.76", "", {}, "sha512-gzUt/qt81nXsFGKIFcC3YnfEAx5NkunCfnDlvuBSSFS02bcXu4Lmea0AFIUwbLWxWPx3d9p8S5QoaujKcNQxcQ=="],

    "pixelmatch/pngjs": ["pngjs@6.0.0", "", {}, "sha512-TRzzuFRRmEoSW/p1KVAmiOgPco2Irlah+bGFCeNfJXxxYGwSw7YwAOAcd7X28K/m5bjBWKsC29KyoMfHbypayg=="],
  }
}
